
Microsoft Visual Studio Solution File, Format Version 12.00
# Visual Studio Version 17
VisualStudioVersion = 17.8.34322.80
MinimumVisualStudioVersion = 10.0.40219.1
Project("{FAE04EC0-301F-11D3-BF4B-00C04F79EFBC}") = "Sorter", "Sorter.csproj", "{B99AF4A8-9C65-4247-8C60-940E14928255}"
EndProject
Global
	GlobalSection(SolutionConfigurationPlatforms) = preSolution
		Debug|Any CPU = Debug|Any CPU
		Release|Any CPU = Release|Any CPU
	EndGlobalSection
	GlobalSection(ProjectConfigurationPlatforms) = postSolution
		{B99AF4A8-9C65-4247-8C60-940E14928255}.Debug|Any CPU.ActiveCfg = Debug|Any CPU
		{B99AF4A8-9C65-4247-8C60-940E14928255}.Debug|Any CPU.Build.0 = Debug|Any CPU
		{B99AF4A8-9C65-4247-8C60-940E14928255}.Release|Any CPU.ActiveCfg = Release|Any CPU
		{B99AF4A8-9C65-4247-8C60-940E14928255}.Release|Any CPU.Build.0 = Release|Any CPU
	EndGlobalSection
	GlobalSection(SolutionProperties) = preSolution
		HideSolutionNode = FALSE
	EndGlobalSection
	GlobalSection(ExtensibilityGlobals) = postSolution
		SolutionGuid = {6C93FA0F-E6DE-401B-BC11-BD5DA1015C7C}
	EndGlobalSection
EndGlobal
